
Microsoft Visual Studio Solution File, Format Version 12.00
# Visual Studio Version 16
VisualStudioVersion = 16.0.31729.503
MinimumVisualStudioVersion = 10.0.40219.1
Project("{2150E333-8FDC-42A3-9474-1A3956D46DE8}") = "01. Clients", "01. Clients", "{101BC705-C917-4C36-B77A-AAF83292C7C1}"
EndProject
Project("{2150E333-8FDC-42A3-9474-1A3956D46DE8}") = "02. Api.Gateways", "02. Api.Gateways", "{DFE61983-A44F-4453-AA9E-AD5E864F1181}"
EndProject
Project("{2150E333-8FDC-42A3-9474-1A3956D46DE8}") = "03. Services", "03. Services", "{D6EE9A64-6073-449B-8F95-F46D53631ACF}"
EndProject
Project("{2150E333-8FDC-42A3-9474-1A3956D46DE8}") = "01. Identity", "01. Identity", "{D62374B5-69C9-4791-9FAC-3FE89BBC94B4}"
EndProject
Project("{2150E333-8FDC-42A3-9474-1A3956D46DE8}") = "02. Catalog", "02. Catalog", "{6E425BE0-793D-46F7-A654-FDE42B64954A}"
EndProject
Project("{2150E333-8FDC-42A3-9474-1A3956D46DE8}") = "03. Customer", "03. Customer", "{FA5A9680-20C8-4A73-B5E3-F4BE65C6F39B}"
EndProject
Project("{2150E333-8FDC-42A3-9474-1A3956D46DE8}") = "04. Order", "04. Order", "{CEAACE62-7477-445A-A6B0-C6D750DED312}"
EndProject
Project("{9A19103F-16F7-4668-BE54-9A1E7A4F7556}") = "Catalog.Api", "src\Services\Catalog\Catalog.Api\Catalog.Api.csproj", "{BEBA8244-695A-4B41-95DD-0134AC208D11}"
EndProject
Project("{2150E333-8FDC-42A3-9474-1A3956D46DE8}") = "01. API", "01. API", "{1CDD6687-744C-4200-A6A7-5D562A4D6031}"
EndProject
Project("{2150E333-8FDC-42A3-9474-1A3956D46DE8}") = "02. Services", "02. Services", "{EE77AFDD-0838-4F34-AB3E-E90B41450D50}"
EndProject
Project("{2150E333-8FDC-42A3-9474-1A3956D46DE8}") = "03. Persistence", "03. Persistence", "{7766850A-C51E-4DF1-A34C-7BB3A67C14D5}"
EndProject
Project("{2150E333-8FDC-42A3-9474-1A3956D46DE8}") = "04. Models", "04. Models", "{AA9393BA-4734-44EB-A1D7-FC9A5D494433}"
EndProject
Project("{9A19103F-16F7-4668-BE54-9A1E7A4F7556}") = "Catalog.Domain", "src\Services\Catalog\Catalog.Domain\Catalog.Domain.csproj", "{B22DDF03-046C-4190-B2C1-5938187EF260}"
EndProject
Project("{9A19103F-16F7-4668-BE54-9A1E7A4F7556}") = "Catalog.Persistence.Database", "src\Services\Catalog\Catalog.Persistence.Database\Catalog.Persistence.Database.csproj", "{48C101D8-F4ED-4FC0-BB9B-58F8731275F8}"
EndProject
Project("{9A19103F-16F7-4668-BE54-9A1E7A4F7556}") = "Catalog.Service.Queries", "src\Services\Catalog\Catalog.Service.Queries\Catalog.Service.Queries.csproj", "{6078B434-2B3A-4259-9B43-B47D980ADFF8}"
EndProject
Project("{2150E333-8FDC-42A3-9474-1A3956D46DE8}") = "Common", "Common", "{8BD2A393-F9F2-4030-873C-F8D65F8C3CB4}"
EndProject
Project("{9A19103F-16F7-4668-BE54-9A1E7A4F7556}") = "Service.Common.Collection", "src\Services\Service.Common.Collection\Service.Common.Collection.csproj", "{F2C1B095-3D98-40DE-8B64-2263305C921A}"
EndProject
Project("{9A19103F-16F7-4668-BE54-9A1E7A4F7556}") = "Service.Common.Mapping", "src\Services\Service.Common.Mapping\Service.Common.Mapping.csproj", "{41A30C46-5C5C-40AD-8E1D-6B5A5F73955F}"
EndProject
Project("{9A19103F-16F7-4668-BE54-9A1E7A4F7556}") = "Catalog.Service.EventHandlers", "src\Services\Catalog\Catalog.Service.EventHandlers\Catalog.Service.EventHandlers.csproj", "{95B58C13-A1CA-4B33-900C-7022444CF2A4}"
EndProject
Project("{9A19103F-16F7-4668-BE54-9A1E7A4F7556}") = "Service.Common.Paging", "src\Services\Service.Common.Paging\Service.Common.Paging.csproj", "{4A4E019F-5741-4003-BFBC-CE833D976314}"
EndProject
Project("{2150E333-8FDC-42A3-9474-1A3956D46DE8}") = "05.Common", "05.Common", "{165A6574-F7A2-4E54-81A7-0D8B3ECAF784}"
EndProject
Project("{9A19103F-16F7-4668-BE54-9A1E7A4F7556}") = "Catalog.Common", "src\Services\Catalog\Catalog.Common\Catalog.Common.csproj", "{E949CD43-2DB2-4BF2-9B10-DA26FC9BA696}"
EndProject
Project("{2150E333-8FDC-42A3-9474-1A3956D46DE8}") = "06. Testing", "06. Testing", "{5CE7074F-258D-4A0E-9579-D67DAA4EDDF7}"
EndProject
Project("{2150E333-8FDC-42A3-9474-1A3956D46DE8}") = "04. Common", "04. Common", "{6D069F78-00C3-4C51-80C5-3A0F89962F02}"
EndProject
Project("{9A19103F-16F7-4668-BE54-9A1E7A4F7556}") = "Common.Logging", "src\Common\Common.Logging\Common.Logging.csproj", "{9CE13B44-44C0-4522-9EF0-166C79507E5C}"
EndProject
Project("{9A19103F-16F7-4668-BE54-9A1E7A4F7556}") = "Catalog.Tests", "src\Services\Catalog\Catalog.Tests\Catalog.Tests.csproj", "{69FEFE31-5DE3-44CD-A4D6-CE66D6B1F157}"
EndProject
Project("{2150E333-8FDC-42A3-9474-1A3956D46DE8}") = "01. API", "01. API", "{C4020528-D387-4ABB-BF28-0202919A95F1}"
EndProject
Project("{2150E333-8FDC-42A3-9474-1A3956D46DE8}") = "02. Services", "02. Services", "{C7F1CC53-9AE7-4122-85D8-CA452A47612E}"
EndProject
Project("{2150E333-8FDC-42A3-9474-1A3956D46DE8}") = "03. Persistence", "03. Persistence", "{61CD2F92-5A0A-4FB1-B193-52C3F70AF669}"
EndProject
Project("{2150E333-8FDC-42A3-9474-1A3956D46DE8}") = "04. Models", "04. Models", "{88E66983-125C-4714-9ED8-DC331703A6DB}"
EndProject
Project("{2150E333-8FDC-42A3-9474-1A3956D46DE8}") = "05. Testing", "05. Testing", "{22A5C0BB-F935-4138-A2F5-E422EC8D7EA0}"
EndProject
Project("{9A19103F-16F7-4668-BE54-9A1E7A4F7556}") = "Customer.Domain", "src\Services\Cutomer\Customer.Domain\Customer.Domain.csproj", "{AC7B4081-0840-4D0B-A679-CE3491008A14}"
EndProject
Project("{9A19103F-16F7-4668-BE54-9A1E7A4F7556}") = "Customer.Persistence.Database", "src\Services\Cutomer\Customer.Persistence.Database\Customer.Persistence.Database.csproj", "{850257EF-114C-4D78-899A-02BE0210BD89}"
EndProject
Project("{9A19103F-16F7-4668-BE54-9A1E7A4F7556}") = "Customer.Service.EventHandlers", "src\Services\Cutomer\Customer.Service.EventHandlers\Customer.Service.EventHandlers.csproj", "{CCDE9533-164B-4265-85F3-EB23E808F0D4}"
EndProject
Project("{9A19103F-16F7-4668-BE54-9A1E7A4F7556}") = "Customer.Api", "src\Services\Cutomer\Customer.Api\Customer.Api.csproj", "{BC45D16E-914C-4862-B99D-0199D6195716}"
EndProject
Project("{9A19103F-16F7-4668-BE54-9A1E7A4F7556}") = "Customer.Service.Queries", "src\Services\Cutomer\Customer.Service.Queries\Customer.Service.Queries.csproj", "{F034A27E-E1A1-48C2-A482-ECD20B630AF3}"
EndProject
Project("{2150E333-8FDC-42A3-9474-1A3956D46DE8}") = "01. API", "01. API", "{D34C1837-21EE-4BFC-838E-24AA7C147126}"
EndProject
Project("{2150E333-8FDC-42A3-9474-1A3956D46DE8}") = "02. Services", "02. Services", "{B68E983F-DC6F-42C1-93E3-11A2B0A8D5F6}"
EndProject
Project("{2150E333-8FDC-42A3-9474-1A3956D46DE8}") = "03. Persistence", "03. Persistence", "{1C15A0F9-1A4F-4475-A6B2-C861C088EA05}"
EndProject
Project("{2150E333-8FDC-42A3-9474-1A3956D46DE8}") = "04. Models", "04. Models", "{953C989F-158D-4944-844E-AE6AFE5F467B}"
EndProject
Project("{9A19103F-16F7-4668-BE54-9A1E7A4F7556}") = "Order.Domain", "src\Services\Order\Order.Domain\Order.Domain.csproj", "{52426995-4C6C-4E69-AE20-844D6421F7D6}"
EndProject
Project("{2150E333-8FDC-42A3-9474-1A3956D46DE8}") = "05. Common", "05. Common", "{53FC897B-324F-4948-B833-4E4C7142C5C1}"
EndProject
Project("{9A19103F-16F7-4668-BE54-9A1E7A4F7556}") = "Order.Common", "src\Services\Order\Order.Common\Order.Common.csproj", "{9A4880B8-4538-4D25-9608-0AD23F06587B}"
EndProject
Project("{9A19103F-16F7-4668-BE54-9A1E7A4F7556}") = "Order.Persistence.Database", "src\Services\Order\Order.Persistence.Database\Order.Persistence.Database.csproj", "{AFBB4F6E-2B1B-4916-A20D-16A51C93E10B}"
EndProject
Project("{9A19103F-16F7-4668-BE54-9A1E7A4F7556}") = "Order.Service.EventHandlers", "src\Services\Order\Order.Service.EventHandlers\Order.Service.EventHandlers.csproj", "{27183B67-4243-42E5-9CCC-7E63F3088C5D}"
EndProject
Project("{9A19103F-16F7-4668-BE54-9A1E7A4F7556}") = "Order.Service.Queries", "src\Services\Order\Order.Service.Queries\Order.Service.Queries.csproj", "{3781FE25-CAFF-4001-8034-BA1DFA309ADA}"
EndProject
Project("{9A19103F-16F7-4668-BE54-9A1E7A4F7556}") = "Order.Service.Proxies", "src\Services\Order\Order.Service.Proxies\Order.Service.Proxies.csproj", "{6B95CCAA-6996-45EE-B4E1-23328883CF99}"
EndProject
Project("{9A19103F-16F7-4668-BE54-9A1E7A4F7556}") = "Order.Api", "src\Services\Order\Order.Api\Order.Api.csproj", "{F9E763D0-B616-431A-ABE7-855E1DA6D465}"
EndProject
Project("{2150E333-8FDC-42A3-9474-1A3956D46DE8}") = "01. API", "01. API", "{75699A4D-01B3-496E-81AE-1D95D25314D2}"
EndProject
Project("{2150E333-8FDC-42A3-9474-1A3956D46DE8}") = "02. Services", "02. Services", "{86946107-75A1-41A2-AF6C-BE3C943C2A6B}"
EndProject
Project("{2150E333-8FDC-42A3-9474-1A3956D46DE8}") = "03. Persistence", "03. Persistence", "{82B11EED-1082-4F3B-BDC4-D61AECDB1A10}"
EndProject
Project("{2150E333-8FDC-42A3-9474-1A3956D46DE8}") = "04. Models", "04. Models", "{FA7C0ED7-FC61-439C-ACB7-6EA36BE99E55}"
EndProject
Project("{FAE04EC0-301F-11D3-BF4B-00C04F79EFBC}") = "Identity.Api", "src\Services\Identity\Identity.Api\Identity.Api.csproj", "{5EA44CE5-E8F0-4C5A-9815-BB07AFBC50E6}"
EndProject
Project("{FAE04EC0-301F-11D3-BF4B-00C04F79EFBC}") = "Identity.Service.EventHandlers", "src\Services\Identity\Identity.Service.EventHandlers\Identity.Service.EventHandlers.csproj", "{3938F728-31E0-4FDE-BA3D-769588CAF250}"
EndProject
Project("{FAE04EC0-301F-11D3-BF4B-00C04F79EFBC}") = "Identity.Service.Queries", "src\Services\Identity\Identity.Service.Queries\Identity.Service.Queries.csproj", "{48812CF3-268D-44FA-B01D-6970553CEECF}"
EndProject
Project("{FAE04EC0-301F-11D3-BF4B-00C04F79EFBC}") = "Identity.Persistence.Database", "src\Services\Identity\Identity.Persistence.Database\Identity.Persistence.Database.csproj", "{24B8C002-E5F9-42A0-80A0-00C264BA0017}"
EndProject
Project("{FAE04EC0-301F-11D3-BF4B-00C04F79EFBC}") = "Identity.Domain", "src\Services\Identity\Identity.Domain\Identity.Domain.csproj", "{598CB508-D80B-43CA-B167-0E817ABC8B42}"
EndProject
Global
	GlobalSection(SolutionConfigurationPlatforms) = preSolution
		Debug|Any CPU = Debug|Any CPU
		Release|Any CPU = Release|Any CPU
	EndGlobalSection
	GlobalSection(ProjectConfigurationPlatforms) = postSolution
		{BEBA8244-695A-4B41-95DD-0134AC208D11}.Debug|Any CPU.ActiveCfg = Debug|Any CPU
		{BEBA8244-695A-4B41-95DD-0134AC208D11}.Debug|Any CPU.Build.0 = Debug|Any CPU
		{BEBA8244-695A-4B41-95DD-0134AC208D11}.Release|Any CPU.ActiveCfg = Release|Any CPU
		{BEBA8244-695A-4B41-95DD-0134AC208D11}.Release|Any CPU.Build.0 = Release|Any CPU
		{B22DDF03-046C-4190-B2C1-5938187EF260}.Debug|Any CPU.ActiveCfg = Debug|Any CPU
		{B22DDF03-046C-4190-B2C1-5938187EF260}.Debug|Any CPU.Build.0 = Debug|Any CPU
		{B22DDF03-046C-4190-B2C1-5938187EF260}.Release|Any CPU.ActiveCfg = Release|Any CPU
		{B22DDF03-046C-4190-B2C1-5938187EF260}.Release|Any CPU.Build.0 = Release|Any CPU
		{48C101D8-F4ED-4FC0-BB9B-58F8731275F8}.Debug|Any CPU.ActiveCfg = Debug|Any CPU
		{48C101D8-F4ED-4FC0-BB9B-58F8731275F8}.Debug|Any CPU.Build.0 = Debug|Any CPU
		{48C101D8-F4ED-4FC0-BB9B-58F8731275F8}.Release|Any CPU.ActiveCfg = Release|Any CPU
		{48C101D8-F4ED-4FC0-BB9B-58F8731275F8}.Release|Any CPU.Build.0 = Release|Any CPU
		{6078B434-2B3A-4259-9B43-B47D980ADFF8}.Debug|Any CPU.ActiveCfg = Debug|Any CPU
		{6078B434-2B3A-4259-9B43-B47D980ADFF8}.Debug|Any CPU.Build.0 = Debug|Any CPU
		{6078B434-2B3A-4259-9B43-B47D980ADFF8}.Release|Any CPU.ActiveCfg = Release|Any CPU
		{6078B434-2B3A-4259-9B43-B47D980ADFF8}.Release|Any CPU.Build.0 = Release|Any CPU
		{F2C1B095-3D98-40DE-8B64-2263305C921A}.Debug|Any CPU.ActiveCfg = Debug|Any CPU
		{F2C1B095-3D98-40DE-8B64-2263305C921A}.Debug|Any CPU.Build.0 = Debug|Any CPU
		{F2C1B095-3D98-40DE-8B64-2263305C921A}.Release|Any CPU.ActiveCfg = Release|Any CPU
		{F2C1B095-3D98-40DE-8B64-2263305C921A}.Release|Any CPU.Build.0 = Release|Any CPU
		{41A30C46-5C5C-40AD-8E1D-6B5A5F73955F}.Debug|Any CPU.ActiveCfg = Debug|Any CPU
		{41A30C46-5C5C-40AD-8E1D-6B5A5F73955F}.Debug|Any CPU.Build.0 = Debug|Any CPU
		{41A30C46-5C5C-40AD-8E1D-6B5A5F73955F}.Release|Any CPU.ActiveCfg = Release|Any CPU
		{41A30C46-5C5C-40AD-8E1D-6B5A5F73955F}.Release|Any CPU.Build.0 = Release|Any CPU
		{95B58C13-A1CA-4B33-900C-7022444CF2A4}.Debug|Any CPU.ActiveCfg = Debug|Any CPU
		{95B58C13-A1CA-4B33-900C-7022444CF2A4}.Debug|Any CPU.Build.0 = Debug|Any CPU
		{95B58C13-A1CA-4B33-900C-7022444CF2A4}.Release|Any CPU.ActiveCfg = Release|Any CPU
		{95B58C13-A1CA-4B33-900C-7022444CF2A4}.Release|Any CPU.Build.0 = Release|Any CPU
		{4A4E019F-5741-4003-BFBC-CE833D976314}.Debug|Any CPU.ActiveCfg = Debug|Any CPU
		{4A4E019F-5741-4003-BFBC-CE833D976314}.Debug|Any CPU.Build.0 = Debug|Any CPU
		{4A4E019F-5741-4003-BFBC-CE833D976314}.Release|Any CPU.ActiveCfg = Release|Any CPU
		{4A4E019F-5741-4003-BFBC-CE833D976314}.Release|Any CPU.Build.0 = Release|Any CPU
		{E949CD43-2DB2-4BF2-9B10-DA26FC9BA696}.Debug|Any CPU.ActiveCfg = Debug|Any CPU
		{E949CD43-2DB2-4BF2-9B10-DA26FC9BA696}.Debug|Any CPU.Build.0 = Debug|Any CPU
		{E949CD43-2DB2-4BF2-9B10-DA26FC9BA696}.Release|Any CPU.ActiveCfg = Release|Any CPU
		{E949CD43-2DB2-4BF2-9B10-DA26FC9BA696}.Release|Any CPU.Build.0 = Release|Any CPU
		{9CE13B44-44C0-4522-9EF0-166C79507E5C}.Debug|Any CPU.ActiveCfg = Debug|Any CPU
		{9CE13B44-44C0-4522-9EF0-166C79507E5C}.Debug|Any CPU.Build.0 = Debug|Any CPU
		{9CE13B44-44C0-4522-9EF0-166C79507E5C}.Release|Any CPU.ActiveCfg = Release|Any CPU
		{9CE13B44-44C0-4522-9EF0-166C79507E5C}.Release|Any CPU.Build.0 = Release|Any CPU
		{69FEFE31-5DE3-44CD-A4D6-CE66D6B1F157}.Debug|Any CPU.ActiveCfg = Debug|Any CPU
		{69FEFE31-5DE3-44CD-A4D6-CE66D6B1F157}.Debug|Any CPU.Build.0 = Debug|Any CPU
		{69FEFE31-5DE3-44CD-A4D6-CE66D6B1F157}.Release|Any CPU.ActiveCfg = Release|Any CPU
		{69FEFE31-5DE3-44CD-A4D6-CE66D6B1F157}.Release|Any CPU.Build.0 = Release|Any CPU
		{AC7B4081-0840-4D0B-A679-CE3491008A14}.Debug|Any CPU.ActiveCfg = Debug|Any CPU
		{AC7B4081-0840-4D0B-A679-CE3491008A14}.Debug|Any CPU.Build.0 = Debug|Any CPU
		{AC7B4081-0840-4D0B-A679-CE3491008A14}.Release|Any CPU.ActiveCfg = Release|Any CPU
		{AC7B4081-0840-4D0B-A679-CE3491008A14}.Release|Any CPU.Build.0 = Release|Any CPU
		{850257EF-114C-4D78-899A-02BE0210BD89}.Debug|Any CPU.ActiveCfg = Debug|Any CPU
		{850257EF-114C-4D78-899A-02BE0210BD89}.Debug|Any CPU.Build.0 = Debug|Any CPU
		{850257EF-114C-4D78-899A-02BE0210BD89}.Release|Any CPU.ActiveCfg = Release|Any CPU
		{850257EF-114C-4D78-899A-02BE0210BD89}.Release|Any CPU.Build.0 = Release|Any CPU
		{CCDE9533-164B-4265-85F3-EB23E808F0D4}.Debug|Any CPU.ActiveCfg = Debug|Any CPU
		{CCDE9533-164B-4265-85F3-EB23E808F0D4}.Debug|Any CPU.Build.0 = Debug|Any CPU
		{CCDE9533-164B-4265-85F3-EB23E808F0D4}.Release|Any CPU.ActiveCfg = Release|Any CPU
		{CCDE9533-164B-4265-85F3-EB23E808F0D4}.Release|Any CPU.Build.0 = Release|Any CPU
		{BC45D16E-914C-4862-B99D-0199D6195716}.Debug|Any CPU.ActiveCfg = Debug|Any CPU
		{BC45D16E-914C-4862-B99D-0199D6195716}.Debug|Any CPU.Build.0 = Debug|Any CPU
		{BC45D16E-914C-4862-B99D-0199D6195716}.Release|Any CPU.ActiveCfg = Release|Any CPU
		{BC45D16E-914C-4862-B99D-0199D6195716}.Release|Any CPU.Build.0 = Release|Any CPU
		{F034A27E-E1A1-48C2-A482-ECD20B630AF3}.Debug|Any CPU.ActiveCfg = Debug|Any CPU
		{F034A27E-E1A1-48C2-A482-ECD20B630AF3}.Debug|Any CPU.Build.0 = Debug|Any CPU
		{F034A27E-E1A1-48C2-A482-ECD20B630AF3}.Release|Any CPU.ActiveCfg = Release|Any CPU
		{F034A27E-E1A1-48C2-A482-ECD20B630AF3}.Release|Any CPU.Build.0 = Release|Any CPU
		{52426995-4C6C-4E69-AE20-844D6421F7D6}.Debug|Any CPU.ActiveCfg = Debug|Any CPU
		{52426995-4C6C-4E69-AE20-844D6421F7D6}.Debug|Any CPU.Build.0 = Debug|Any CPU
		{52426995-4C6C-4E69-AE20-844D6421F7D6}.Release|Any CPU.ActiveCfg = Release|Any CPU
		{52426995-4C6C-4E69-AE20-844D6421F7D6}.Release|Any CPU.Build.0 = Release|Any CPU
		{9A4880B8-4538-4D25-9608-0AD23F06587B}.Debug|Any CPU.ActiveCfg = Debug|Any CPU
		{9A4880B8-4538-4D25-9608-0AD23F06587B}.Debug|Any CPU.Build.0 = Debug|Any CPU
		{9A4880B8-4538-4D25-9608-0AD23F06587B}.Release|Any CPU.ActiveCfg = Release|Any CPU
		{9A4880B8-4538-4D25-9608-0AD23F06587B}.Release|Any CPU.Build.0 = Release|Any CPU
		{AFBB4F6E-2B1B-4916-A20D-16A51C93E10B}.Debug|Any CPU.ActiveCfg = Debug|Any CPU
		{AFBB4F6E-2B1B-4916-A20D-16A51C93E10B}.Debug|Any CPU.Build.0 = Debug|Any CPU
		{AFBB4F6E-2B1B-4916-A20D-16A51C93E10B}.Release|Any CPU.ActiveCfg = Release|Any CPU
		{AFBB4F6E-2B1B-4916-A20D-16A51C93E10B}.Release|Any CPU.Build.0 = Release|Any CPU
		{27183B67-4243-42E5-9CCC-7E63F3088C5D}.Debug|Any CPU.ActiveCfg = Debug|Any CPU
		{27183B67-4243-42E5-9CCC-7E63F3088C5D}.Debug|Any CPU.Build.0 = Debug|Any CPU
		{27183B67-4243-42E5-9CCC-7E63F3088C5D}.Release|Any CPU.ActiveCfg = Release|Any CPU
		{27183B67-4243-42E5-9CCC-7E63F3088C5D}.Release|Any CPU.Build.0 = Release|Any CPU
		{3781FE25-CAFF-4001-8034-BA1DFA309ADA}.Debug|Any CPU.ActiveCfg = Debug|Any CPU
		{3781FE25-CAFF-4001-8034-BA1DFA309ADA}.Debug|Any CPU.Build.0 = Debug|Any CPU
		{3781FE25-CAFF-4001-8034-BA1DFA309ADA}.Release|Any CPU.ActiveCfg = Release|Any CPU
		{3781FE25-CAFF-4001-8034-BA1DFA309ADA}.Release|Any CPU.Build.0 = Release|Any CPU
		{6B95CCAA-6996-45EE-B4E1-23328883CF99}.Debug|Any CPU.ActiveCfg = Debug|Any CPU
		{6B95CCAA-6996-45EE-B4E1-23328883CF99}.Debug|Any CPU.Build.0 = Debug|Any CPU
		{6B95CCAA-6996-45EE-B4E1-23328883CF99}.Release|Any CPU.ActiveCfg = Release|Any CPU
		{6B95CCAA-6996-45EE-B4E1-23328883CF99}.Release|Any CPU.Build.0 = Release|Any CPU
		{F9E763D0-B616-431A-ABE7-855E1DA6D465}.Debug|Any CPU.ActiveCfg = Debug|Any CPU
		{F9E763D0-B616-431A-ABE7-855E1DA6D465}.Debug|Any CPU.Build.0 = Debug|Any CPU
		{F9E763D0-B616-431A-ABE7-855E1DA6D465}.Release|Any CPU.ActiveCfg = Release|Any CPU
		{F9E763D0-B616-431A-ABE7-855E1DA6D465}.Release|Any CPU.Build.0 = Release|Any CPU
		{5EA44CE5-E8F0-4C5A-9815-BB07AFBC50E6}.Debug|Any CPU.ActiveCfg = Debug|Any CPU
		{5EA44CE5-E8F0-4C5A-9815-BB07AFBC50E6}.Debug|Any CPU.Build.0 = Debug|Any CPU
		{5EA44CE5-E8F0-4C5A-9815-BB07AFBC50E6}.Release|Any CPU.ActiveCfg = Release|Any CPU
		{5EA44CE5-E8F0-4C5A-9815-BB07AFBC50E6}.Release|Any CPU.Build.0 = Release|Any CPU
		{3938F728-31E0-4FDE-BA3D-769588CAF250}.Debug|Any CPU.ActiveCfg = Debug|Any CPU
		{3938F728-31E0-4FDE-BA3D-769588CAF250}.Debug|Any CPU.Build.0 = Debug|Any CPU
		{3938F728-31E0-4FDE-BA3D-769588CAF250}.Release|Any CPU.ActiveCfg = Release|Any CPU
		{3938F728-31E0-4FDE-BA3D-769588CAF250}.Release|Any CPU.Build.0 = Release|Any CPU
		{48812CF3-268D-44FA-B01D-6970553CEECF}.Debug|Any CPU.ActiveCfg = Debug|Any CPU
		{48812CF3-268D-44FA-B01D-6970553CEECF}.Debug|Any CPU.Build.0 = Debug|Any CPU
		{48812CF3-268D-44FA-B01D-6970553CEECF}.Release|Any CPU.ActiveCfg = Release|Any CPU
		{48812CF3-268D-44FA-B01D-6970553CEECF}.Release|Any CPU.Build.0 = Release|Any CPU
		{24B8C002-E5F9-42A0-80A0-00C264BA0017}.Debug|Any CPU.ActiveCfg = Debug|Any CPU
		{24B8C002-E5F9-42A0-80A0-00C264BA0017}.Debug|Any CPU.Build.0 = Debug|Any CPU
		{24B8C002-E5F9-42A0-80A0-00C264BA0017}.Release|Any CPU.ActiveCfg = Release|Any CPU
		{24B8C002-E5F9-42A0-80A0-00C264BA0017}.Release|Any CPU.Build.0 = Release|Any CPU
		{598CB508-D80B-43CA-B167-0E817ABC8B42}.Debug|Any CPU.ActiveCfg = Debug|Any CPU
		{598CB508-D80B-43CA-B167-0E817ABC8B42}.Debug|Any CPU.Build.0 = Debug|Any CPU
		{598CB508-D80B-43CA-B167-0E817ABC8B42}.Release|Any CPU.ActiveCfg = Release|Any CPU
		{598CB508-D80B-43CA-B167-0E817ABC8B42}.Release|Any CPU.Build.0 = Release|Any CPU
	EndGlobalSection
	GlobalSection(SolutionProperties) = preSolution
		HideSolutionNode = FALSE
	EndGlobalSection
	GlobalSection(NestedProjects) = preSolution
		{D62374B5-69C9-4791-9FAC-3FE89BBC94B4} = {D6EE9A64-6073-449B-8F95-F46D53631ACF}
		{6E425BE0-793D-46F7-A654-FDE42B64954A} = {D6EE9A64-6073-449B-8F95-F46D53631ACF}
		{FA5A9680-20C8-4A73-B5E3-F4BE65C6F39B} = {D6EE9A64-6073-449B-8F95-F46D53631ACF}
		{CEAACE62-7477-445A-A6B0-C6D750DED312} = {D6EE9A64-6073-449B-8F95-F46D53631ACF}
		{BEBA8244-695A-4B41-95DD-0134AC208D11} = {1CDD6687-744C-4200-A6A7-5D562A4D6031}
		{1CDD6687-744C-4200-A6A7-5D562A4D6031} = {6E425BE0-793D-46F7-A654-FDE42B64954A}
		{EE77AFDD-0838-4F34-AB3E-E90B41450D50} = {6E425BE0-793D-46F7-A654-FDE42B64954A}
		{7766850A-C51E-4DF1-A34C-7BB3A67C14D5} = {6E425BE0-793D-46F7-A654-FDE42B64954A}
		{AA9393BA-4734-44EB-A1D7-FC9A5D494433} = {6E425BE0-793D-46F7-A654-FDE42B64954A}
		{B22DDF03-046C-4190-B2C1-5938187EF260} = {AA9393BA-4734-44EB-A1D7-FC9A5D494433}
		{48C101D8-F4ED-4FC0-BB9B-58F8731275F8} = {7766850A-C51E-4DF1-A34C-7BB3A67C14D5}
		{6078B434-2B3A-4259-9B43-B47D980ADFF8} = {EE77AFDD-0838-4F34-AB3E-E90B41450D50}
		{8BD2A393-F9F2-4030-873C-F8D65F8C3CB4} = {D6EE9A64-6073-449B-8F95-F46D53631ACF}
		{F2C1B095-3D98-40DE-8B64-2263305C921A} = {8BD2A393-F9F2-4030-873C-F8D65F8C3CB4}
		{41A30C46-5C5C-40AD-8E1D-6B5A5F73955F} = {8BD2A393-F9F2-4030-873C-F8D65F8C3CB4}
		{95B58C13-A1CA-4B33-900C-7022444CF2A4} = {EE77AFDD-0838-4F34-AB3E-E90B41450D50}
		{4A4E019F-5741-4003-BFBC-CE833D976314} = {8BD2A393-F9F2-4030-873C-F8D65F8C3CB4}
		{165A6574-F7A2-4E54-81A7-0D8B3ECAF784} = {6E425BE0-793D-46F7-A654-FDE42B64954A}
		{E949CD43-2DB2-4BF2-9B10-DA26FC9BA696} = {165A6574-F7A2-4E54-81A7-0D8B3ECAF784}
		{5CE7074F-258D-4A0E-9579-D67DAA4EDDF7} = {6E425BE0-793D-46F7-A654-FDE42B64954A}
		{9CE13B44-44C0-4522-9EF0-166C79507E5C} = {6D069F78-00C3-4C51-80C5-3A0F89962F02}
		{69FEFE31-5DE3-44CD-A4D6-CE66D6B1F157} = {5CE7074F-258D-4A0E-9579-D67DAA4EDDF7}
		{C4020528-D387-4ABB-BF28-0202919A95F1} = {FA5A9680-20C8-4A73-B5E3-F4BE65C6F39B}
		{C7F1CC53-9AE7-4122-85D8-CA452A47612E} = {FA5A9680-20C8-4A73-B5E3-F4BE65C6F39B}
		{61CD2F92-5A0A-4FB1-B193-52C3F70AF669} = {FA5A9680-20C8-4A73-B5E3-F4BE65C6F39B}
		{88E66983-125C-4714-9ED8-DC331703A6DB} = {FA5A9680-20C8-4A73-B5E3-F4BE65C6F39B}
		{22A5C0BB-F935-4138-A2F5-E422EC8D7EA0} = {FA5A9680-20C8-4A73-B5E3-F4BE65C6F39B}
		{AC7B4081-0840-4D0B-A679-CE3491008A14} = {88E66983-125C-4714-9ED8-DC331703A6DB}
		{850257EF-114C-4D78-899A-02BE0210BD89} = {61CD2F92-5A0A-4FB1-B193-52C3F70AF669}
		{CCDE9533-164B-4265-85F3-EB23E808F0D4} = {C7F1CC53-9AE7-4122-85D8-CA452A47612E}
		{BC45D16E-914C-4862-B99D-0199D6195716} = {C4020528-D387-4ABB-BF28-0202919A95F1}
		{F034A27E-E1A1-48C2-A482-ECD20B630AF3} = {C7F1CC53-9AE7-4122-85D8-CA452A47612E}
		{D34C1837-21EE-4BFC-838E-24AA7C147126} = {CEAACE62-7477-445A-A6B0-C6D750DED312}
		{B68E983F-DC6F-42C1-93E3-11A2B0A8D5F6} = {CEAACE62-7477-445A-A6B0-C6D750DED312}
		{1C15A0F9-1A4F-4475-A6B2-C861C088EA05} = {CEAACE62-7477-445A-A6B0-C6D750DED312}
		{953C989F-158D-4944-844E-AE6AFE5F467B} = {CEAACE62-7477-445A-A6B0-C6D750DED312}
		{52426995-4C6C-4E69-AE20-844D6421F7D6} = {953C989F-158D-4944-844E-AE6AFE5F467B}
		{53FC897B-324F-4948-B833-4E4C7142C5C1} = {CEAACE62-7477-445A-A6B0-C6D750DED312}
		{9A4880B8-4538-4D25-9608-0AD23F06587B} = {53FC897B-324F-4948-B833-4E4C7142C5C1}
		{AFBB4F6E-2B1B-4916-A20D-16A51C93E10B} = {1C15A0F9-1A4F-4475-A6B2-C861C088EA05}
		{27183B67-4243-42E5-9CCC-7E63F3088C5D} = {B68E983F-DC6F-42C1-93E3-11A2B0A8D5F6}
		{3781FE25-CAFF-4001-8034-BA1DFA309ADA} = {B68E983F-DC6F-42C1-93E3-11A2B0A8D5F6}
		{6B95CCAA-6996-45EE-B4E1-23328883CF99} = {B68E983F-DC6F-42C1-93E3-11A2B0A8D5F6}
		{F9E763D0-B616-431A-ABE7-855E1DA6D465} = {D34C1837-21EE-4BFC-838E-24AA7C147126}
		{75699A4D-01B3-496E-81AE-1D95D25314D2} = {D62374B5-69C9-4791-9FAC-3FE89BBC94B4}
		{86946107-75A1-41A2-AF6C-BE3C943C2A6B} = {D62374B5-69C9-4791-9FAC-3FE89BBC94B4}
		{82B11EED-1082-4F3B-BDC4-D61AECDB1A10} = {D62374B5-69C9-4791-9FAC-3FE89BBC94B4}
		{FA7C0ED7-FC61-439C-ACB7-6EA36BE99E55} = {D62374B5-69C9-4791-9FAC-3FE89BBC94B4}
		{5EA44CE5-E8F0-4C5A-9815-BB07AFBC50E6} = {75699A4D-01B3-496E-81AE-1D95D25314D2}
		{3938F728-31E0-4FDE-BA3D-769588CAF250} = {86946107-75A1-41A2-AF6C-BE3C943C2A6B}
		{48812CF3-268D-44FA-B01D-6970553CEECF} = {86946107-75A1-41A2-AF6C-BE3C943C2A6B}
		{24B8C002-E5F9-42A0-80A0-00C264BA0017} = {82B11EED-1082-4F3B-BDC4-D61AECDB1A10}
		{598CB508-D80B-43CA-B167-0E817ABC8B42} = {FA7C0ED7-FC61-439C-ACB7-6EA36BE99E55}
	EndGlobalSection
	GlobalSection(ExtensibilityGlobals) = postSolution
		SolutionGuid = {AB2DFB59-2BF1-4246-B5AA-B65A2117B304}
	EndGlobalSection
EndGlobal
